{
  "name": "bottie",
  "version": "0.0.2",
  "lockfileVersion": 1,
  "dependencies": {
    "botkit": {
      "version": "https://registry.npmjs.org/botkit/-/botkit-0.0.5.tgz",
      "integrity": "sha1-zoT0YzpGjJeSUPE0pa0HNtwgOp0=",
      "dependencies": {
        "body-parser": {
          "version": "https://registry.npmjs.org/body-parser/-/body-parser-1.14.2.tgz",
          "integrity": "sha1-EBXLH+LEQ4WCWVgdtTMy+NDPUPk=",
          "dependencies": {
            "bytes": {
              "version": "https://registry.npmjs.org/bytes/-/bytes-2.2.0.tgz",
              "integrity": "sha1-/TVGSkA/b5EXwt42Cez/nK4ABYg="
            },
            "content-type": {
              "version": "https://registry.npmjs.org/content-type/-/content-type-1.0.1.tgz",
              "integrity": "sha1-oZ0iRzJ9wDgFDOYit6FU7FnF5gA="
            },
            "debug": {
              "version": "https://registry.npmjs.org/debug/-/debug-2.2.0.tgz",
              "integrity": "sha1-+HBX6ZWxofauaklgZkE3vFbwOdo=",
              "dependencies": {
                "ms": {
                  "version": "https://registry.npmjs.org/ms/-/ms-0.7.1.tgz",
                  "integrity": "sha1-nNE8A62/8ltl7/3nzoZO6VIBcJg="
                }
              }
            },
            "depd": {
              "version": "https://registry.npmjs.org/depd/-/depd-1.1.0.tgz",
              "integrity": "sha1-4b2Cxqq2ztlluXuIsX7T5SjKGMM="
            },
            "http-errors": {
              "version": "https://registry.npmjs.org/http-errors/-/http-errors-1.3.1.tgz",
              "integrity": "sha1-GX4izevUGYWF6GlO9nhhl7ke2UI=",
              "dependencies": {
                "inherits": {
                  "version": "https://registry.npmjs.org/inherits/-/inherits-2.0.1.tgz",
                  "integrity": "sha1-sX0I0ya0Qj5Wjv9xn5GwscvfafE="
                },
                "statuses": {
                  "version": "https://registry.npmjs.org/statuses/-/statuses-1.2.1.tgz",
                  "integrity": "sha1-3e1FzBglbVHtQK7BQkidXGECbSg="
                }
              }
            },
            "iconv-lite": {
              "version": "https://registry.npmjs.org/iconv-lite/-/iconv-lite-0.4.13.tgz",
              "integrity": "sha1-H4irpKsLFQjoMSrMOTRfNumS4vI="
            },
            "on-finished": {
              "version": "https://registry.npmjs.org/on-finished/-/on-finished-2.3.0.tgz",
              "integrity": "sha1-IPEzZIGwg811M3mSoWlxqi2QaUc=",
              "dependencies": {
                "ee-first": {
                  "version": "https://registry.npmjs.org/ee-first/-/ee-first-1.1.1.tgz",
                  "integrity": "sha1-WQxhFWsK4vTwJVcyoViyZrxWsh0="
                }
              }
            },
            "qs": {
              "version": "https://registry.npmjs.org/qs/-/qs-5.2.0.tgz",
              "integrity": "sha1-qfMRQq9GjLcrJbMBNrokVoNJFr4="
            },
            "raw-body": {
              "version": "https://registry.npmjs.org/raw-body/-/raw-body-2.1.5.tgz",
              "integrity": "sha1-i+jwnd79DXKtmdiDq38Mw1BCCVY=",
              "dependencies": {
                "unpipe": {
                  "version": "https://registry.npmjs.org/unpipe/-/unpipe-1.0.0.tgz",
                  "integrity": "sha1-sr9O6FFKrmFltIF4KdIbLvSZBOw="
                }
              }
            },
            "type-is": {
              "version": "https://registry.npmjs.org/type-is/-/type-is-1.6.10.tgz",
              "integrity": "sha1-0n6ZWyDYwqVD80IFc/aQo5Kf11o=",
              "dependencies": {
                "media-typer": {
                  "version": "https://registry.npmjs.org/media-typer/-/media-typer-0.3.0.tgz",
                  "integrity": "sha1-hxDXrwqmJvj/+hzgAWhUUmMlV0g="
                },
                "mime-types": {
                  "version": "https://registry.npmjs.org/mime-types/-/mime-types-2.1.8.tgz",
                  "integrity": "sha1-+vV4I94EvHy/9O6CxrY5RugSrnI=",
                  "dependencies": {
                    "mime-db": {
                      "version": "https://registry.npmjs.org/mime-db/-/mime-db-1.20.0.tgz",
                      "integrity": "sha1-SW+Q/QH+DgMciCPsOqlFD/2hjtg="
                    }
                  }
                }
              }
            }
          }
        },
        "express": {
          "version": "https://registry.npmjs.org/express/-/express-4.13.3.tgz",
          "integrity": "sha1-3bLx+0UCvzNZjSsDKwN5YMpsgKM=",
          "dependencies": {
            "accepts": {
              "version": "https://registry.npmjs.org/accepts/-/accepts-1.2.13.tgz",
              "integrity": "sha1-5fHzkoxtlf2WVYw27D2dDeSm7Oo=",
              "dependencies": {
                "mime-types": {
                  "version": "https://registry.npmjs.org/mime-types/-/mime-types-2.1.8.tgz",
                  "integrity": "sha1-+vV4I94EvHy/9O6CxrY5RugSrnI=",
                  "dependencies": {
                    "mime-db": {
                      "version": "https://registry.npmjs.org/mime-db/-/mime-db-1.20.0.tgz",
                      "integrity": "sha1-SW+Q/QH+DgMciCPsOqlFD/2hjtg="
                    }
                  }
                },
                "negotiator": {
                  "version": "https://registry.npmjs.org/negotiator/-/negotiator-0.5.3.tgz",
                  "integrity": "sha1-Jp1cR2gQ7JLtvntsLygxY4T5p+g="
                }
              }
            },
            "array-flatten": {
              "version": "https://registry.npmjs.org/array-flatten/-/array-flatten-1.1.1.tgz",
              "integrity": "sha1-ml9pkFGx5wczKPKgCJaLZOopVdI="
            },
            "content-disposition": {
              "version": "https://registry.npmjs.org/content-disposition/-/content-disposition-0.5.0.tgz",
              "integrity": "sha1-QoT+auBjCHRjnkToCkGMKTQTXp4="
            },
            "content-type": {
              "version": "https://registry.npmjs.org/content-type/-/content-type-1.0.1.tgz",
              "integrity": "sha1-oZ0iRzJ9wDgFDOYit6FU7FnF5gA="
            },
            "cookie": {
              "version": "https://registry.npmjs.org/cookie/-/cookie-0.1.3.tgz",
              "integrity": "sha1-5zSlwUF/zkctWu+Cw4HKu2TRpDU="
            },
            "cookie-signature": {
              "version": "https://registry.npmjs.org/cookie-signature/-/cookie-signature-1.0.6.tgz",
              "integrity": "sha1-4wOogrNCzD7oylE6eZmXNNqzriw="
            },
            "debug": {
              "version": "https://registry.npmjs.org/debug/-/debug-2.2.0.tgz",
              "integrity": "sha1-+HBX6ZWxofauaklgZkE3vFbwOdo=",
              "dependencies": {
                "ms": {
                  "version": "https://registry.npmjs.org/ms/-/ms-0.7.1.tgz",
                  "integrity": "sha1-nNE8A62/8ltl7/3nzoZO6VIBcJg="
                }
              }
            },
            "depd": {
              "version": "https://registry.npmjs.org/depd/-/depd-1.0.1.tgz",
              "integrity": "sha1-gK7GTJ1tl+ZcwqnKqTwKpqv3Oqo="
            },
            "escape-html": {
              "version": "https://registry.npmjs.org/escape-html/-/escape-html-1.0.2.tgz",
              "integrity": "sha1-130y+pjjjC9BroXpJ44ODmuhAiw="
            },
            "etag": {
              "version": "https://registry.npmjs.org/etag/-/etag-1.7.0.tgz",
              "integrity": "sha1-A9MLX2fdbmMtKUXTDWZScxo01dg="
            },
            "finalhandler": {
              "version": "https://registry.npmjs.org/finalhandler/-/finalhandler-0.4.0.tgz",
              "integrity": "sha1-llpS2ejQXSuFdUhUH7ibU6JJfZs=",
              "dependencies": {
                "unpipe": {
                  "version": "https://registry.npmjs.org/unpipe/-/unpipe-1.0.0.tgz",
                  "integrity": "sha1-sr9O6FFKrmFltIF4KdIbLvSZBOw="
                }
              }
            },
            "fresh": {
              "version": "https://registry.npmjs.org/fresh/-/fresh-0.3.0.tgz",
              "integrity": "sha1-ZR+DjiJCTnVm3hYdg1jKoZn4PU8="
            },
            "merge-descriptors": {
              "version": "https://registry.npmjs.org/merge-descriptors/-/merge-descriptors-1.0.0.tgz",
              "integrity": "sha1-IWnPdTjhsMyH+4jhUC2EdLv3mGQ="
            },
            "methods": {
              "version": "https://registry.npmjs.org/methods/-/methods-1.1.1.tgz",
              "integrity": "sha1-F+pjZgZtAMWON1uOx9/QRTyJgio="
            },
            "on-finished": {
              "version": "https://registry.npmjs.org/on-finished/-/on-finished-2.3.0.tgz",
              "integrity": "sha1-IPEzZIGwg811M3mSoWlxqi2QaUc=",
              "dependencies": {
                "ee-first": {
                  "version": "https://registry.npmjs.org/ee-first/-/ee-first-1.1.1.tgz",
                  "integrity": "sha1-WQxhFWsK4vTwJVcyoViyZrxWsh0="
                }
              }
            },
            "parseurl": {
              "version": "https://registry.npmjs.org/parseurl/-/parseurl-1.3.0.tgz",
              "integrity": "sha1-tYBG20Ij4UWvp2AJ5hush8wigbM="
            },
            "path-to-regexp": {
              "version": "https://registry.npmjs.org/path-to-regexp/-/path-to-regexp-0.1.7.tgz",
              "integrity": "sha1-32BBeABfUi8V60SQ5yR6G/qmf4w="
            },
            "proxy-addr": {
              "version": "https://registry.npmjs.org/proxy-addr/-/proxy-addr-1.0.10.tgz",
              "integrity": "sha1-DUCoL4Afw1VWfS7LZe/j8HfxIcU=",
              "dependencies": {
                "forwarded": {
                  "version": "https://registry.npmjs.org/forwarded/-/forwarded-0.1.0.tgz",
                  "integrity": "sha1-Ge+YdMSuHCl7zweP3mOgm2aoQ2M="
                },
                "ipaddr.js": {
                  "version": "https://registry.npmjs.org/ipaddr.js/-/ipaddr.js-1.0.5.tgz",
                  "integrity": "sha1-X6eM8wG4JceKvDBC2BJyMEnqI8c="
                }
              }
            },
            "qs": {
              "version": "https://registry.npmjs.org/qs/-/qs-4.0.0.tgz",
              "integrity": "sha1-wx2bdOwn33XlQ6hseHKO2NRiNgc="
            },
            "range-parser": {
              "version": "https://registry.npmjs.org/range-parser/-/range-parser-1.0.3.tgz",
              "integrity": "sha1-aHKCNTXGkuLCoBA4Jq/YLC4P8XU="
            },
            "send": {
              "version": "https://registry.npmjs.org/send/-/send-0.13.0.tgz",
              "integrity": "sha1-UY+SGusFYK7H3KspkLFM9vPM5d4=",
              "dependencies": {
                "destroy": {
                  "version": "https://registry.npmjs.org/destroy/-/destroy-1.0.3.tgz",
                  "integrity": "sha1-tDO0ck5x/YVR2YhRdIUcX8N34sk="
                },
                "http-errors": {
                  "version": "https://registry.npmjs.org/http-errors/-/http-errors-1.3.1.tgz",
                  "integrity": "sha1-GX4izevUGYWF6GlO9nhhl7ke2UI=",
                  "dependencies": {
                    "inherits": {
                      "version": "https://registry.npmjs.org/inherits/-/inherits-2.0.1.tgz",
                      "integrity": "sha1-sX0I0ya0Qj5Wjv9xn5GwscvfafE="
                    }
                  }
                },
                "mime": {
                  "version": "https://registry.npmjs.org/mime/-/mime-1.3.4.tgz",
                  "integrity": "sha1-EV+eO2s9rylZmDyzjxSaLUDrXVM="
                },
                "ms": {
                  "version": "https://registry.npmjs.org/ms/-/ms-0.7.1.tgz",
                  "integrity": "sha1-nNE8A62/8ltl7/3nzoZO6VIBcJg="
                },
                "statuses": {
                  "version": "https://registry.npmjs.org/statuses/-/statuses-1.2.1.tgz",
                  "integrity": "sha1-3e1FzBglbVHtQK7BQkidXGECbSg="
                }
              }
            },
            "serve-static": {
              "version": "https://registry.npmjs.org/serve-static/-/serve-static-1.10.0.tgz",
              "integrity": "sha1-vmMvqmhYIOSkPtPfE3kTXMTzcNc="
            },
            "type-is": {
              "version": "https://registry.npmjs.org/type-is/-/type-is-1.6.10.tgz",
              "integrity": "sha1-0n6ZWyDYwqVD80IFc/aQo5Kf11o=",
              "dependencies": {
                "media-typer": {
                  "version": "https://registry.npmjs.org/media-typer/-/media-typer-0.3.0.tgz",
                  "integrity": "sha1-hxDXrwqmJvj/+hzgAWhUUmMlV0g="
                },
                "mime-types": {
                  "version": "https://registry.npmjs.org/mime-types/-/mime-types-2.1.8.tgz",
                  "integrity": "sha1-+vV4I94EvHy/9O6CxrY5RugSrnI=",
                  "dependencies": {
                    "mime-db": {
                      "version": "https://registry.npmjs.org/mime-db/-/mime-db-1.20.0.tgz",
                      "integrity": "sha1-SW+Q/QH+DgMciCPsOqlFD/2hjtg="
                    }
                  }
                }
              }
            },
            "utils-merge": {
              "version": "https://registry.npmjs.org/utils-merge/-/utils-merge-1.0.0.tgz",
              "integrity": "sha1-ApT7kiu5N1FTVBxPcJYjHyh8ivg="
            },
            "vary": {
              "version": "https://registry.npmjs.org/vary/-/vary-1.0.1.tgz",
              "integrity": "sha1-meSYFWaihhGN+yuBc1ffeZM3bRA="
            }
          }
        },
        "jfs": {
          "version": "https://registry.npmjs.org/jfs/-/jfs-0.2.6.tgz",
          "integrity": "sha1-hRtyjuXP9EmFXPmtVU9KXhSraRI=",
          "dependencies": {
            "async": {
              "version": "https://registry.npmjs.org/async/-/async-1.2.1.tgz",
              "integrity": "sha1-pIFqF81f9RbfosdpikUzabl5DeA="
            },
            "clone": {
              "version": "https://registry.npmjs.org/clone/-/clone-1.0.2.tgz",
              "integrity": "sha1-Jgt6meux7f4kdTgXX3gyQ8sZ0Uk="
            },
            "mkdirp": {
              "version": "https://registry.npmjs.org/mkdirp/-/mkdirp-0.5.1.tgz",
              "integrity": "sha1-MAV0OOrGz3+MR2fzhkjWaX11yQM=",
              "dependencies": {
                "minimist": {
                  "version": "https://registry.npmjs.org/minimist/-/minimist-0.0.8.tgz",
                  "integrity": "sha1-hX/Kv8M5fSYluCKCYuhqp6ARsF0="
                }
              }
            },
            "node-uuid": {
              "version": "https://registry.npmjs.org/node-uuid/-/node-uuid-1.4.7.tgz",
              "integrity": "sha1-baWhdmjEs91ZYjvaEc9/pMH2Cm8="
            }
          }
        },
        "mustache": {
          "version": "https://registry.npmjs.org/mustache/-/mustache-2.2.1.tgz",
          "integrity": "sha1-LEDKIcJ49TFQaCvPkJDkGjM5uHY="
        },
        "request": {
          "version": "https://registry.npmjs.org/request/-/request-2.67.0.tgz",
          "integrity": "sha1-ivdHgOK/EeoK6aqWXBHxGv0nJ0I=",
          "dependencies": {
            "aws-sign2": {
              "version": "https://registry.npmjs.org/aws-sign2/-/aws-sign2-0.6.0.tgz",
              "integrity": "sha1-FDQt0428yU0OW4fXY81jYSwOeU8="
            },
            "bl": {
              "version": "https://registry.npmjs.org/bl/-/bl-1.0.0.tgz",
              "integrity": "sha1-ramoqJptesYIYvfex9sgeHPgw/U=",
              "dependencies": {
                "readable-stream": {
                  "version": "https://registry.npmjs.org/readable-stream/-/readable-stream-2.0.5.tgz",
                  "integrity": "sha1-okJvjc1FUcd6M/lu3yiGojyClmk=",
                  "dependencies": {
                    "core-util-is": {
                      "version": "https://registry.npmjs.org/core-util-is/-/core-util-is-1.0.2.tgz",
                      "integrity": "sha1-tf1UIgqivFq1eqtxQMlAdUUDwac="
                    },
                    "inherits": {
                      "version": "https://registry.npmjs.org/inherits/-/inherits-2.0.1.tgz",
                      "integrity": "sha1-sX0I0ya0Qj5Wjv9xn5GwscvfafE="
                    },
                    "isarray": {
                      "version": "https://registry.npmjs.org/isarray/-/isarray-0.0.1.tgz",
                      "integrity": "sha1-ihis/Kmo9Bd+Cav8YDiTmwXR7t8="
                    },
                    "process-nextick-args": {
                      "version": "https://registry.npmjs.org/process-nextick-args/-/process-nextick-args-1.0.6.tgz",
                      "integrity": "sha1-D5awAc6pCxJZLOVm7bl+wR5pvQU="
                    },
                    "string_decoder": {
                      "version": "https://registry.npmjs.org/string_decoder/-/string_decoder-0.10.31.tgz",
                      "integrity": "sha1-YuIDvEF2bGwoyfyEMB2rHFMQ+pQ="
                    },
                    "util-deprecate": {
                      "version": "https://registry.npmjs.org/util-deprecate/-/util-deprecate-1.0.2.tgz",
                      "integrity": "sha1-RQ1Nyfpw3nMnYvvS1KKJgUGaDM8="
                    }
                  }
                }
              }
            },
            "caseless": {
              "version": "https://registry.npmjs.org/caseless/-/caseless-0.11.0.tgz",
              "integrity": "sha1-cVuW6phBWTzDMGeSP17GDr2k99c="
            },
            "combined-stream": {
              "version": "https://registry.npmjs.org/combined-stream/-/combined-stream-1.0.5.tgz",
              "integrity": "sha1-k4NwpXtKUd6ix3wV1cX9+JUWQAk=",
              "dependencies": {
                "delayed-stream": {
                  "version": "https://registry.npmjs.org/delayed-stream/-/delayed-stream-1.0.0.tgz",
                  "integrity": "sha1-3zrhmayt+31ECqrgsp4icrJOxhk="
                }
              }
            },
            "extend": {
              "version": "https://registry.npmjs.org/extend/-/extend-3.0.0.tgz",
              "integrity": "sha1-WkdDU7nzNT3dgXbf03uRyDpG8dQ="
            },
            "forever-agent": {
              "version": "https://registry.npmjs.org/forever-agent/-/forever-agent-0.6.1.tgz",
              "integrity": "sha1-+8cfDEGt6zf5bFd60e1C2P2sypE="
            },
            "form-data": {
              "version": "https://registry.npmjs.org/form-data/-/form-data-1.0.0-rc3.tgz",
              "integrity": "sha1-01vGLn+8KTeuePlIqqDTjZBgdXc=",
              "dependencies": {
                "async": {
                  "version": "https://registry.npmjs.org/async/-/async-1.5.1.tgz",
                  "integrity": "sha1-sFcU9LEbNXv3mtr/3QbaQtB2bBA="
                }
              }
            },
            "har-validator": {
              "version": "https://registry.npmjs.org/har-validator/-/har-validator-2.0.3.tgz",
              "integrity": "sha1-Wp4SVkpXHPC4Hvk8IVe9FhcWiIM=",
              "dependencies": {
                "chalk": {
                  "version": "https://registry.npmjs.org/chalk/-/chalk-1.1.1.tgz",
                  "integrity": "sha1-UJr7ZwZudJn36zU1x3RFdyri0Bk=",
                  "dependencies": {
                    "ansi-styles": {
                      "version": "https://registry.npmjs.org/ansi-styles/-/ansi-styles-2.1.0.tgz",
                      "integrity": "sha1-mQ90cUaSe1Wakyv5KVkWPWDA0OI="
                    },
                    "escape-string-regexp": {
                      "version": "https://registry.npmjs.org/escape-string-regexp/-/escape-string-regexp-1.0.4.tgz",
                      "integrity": "sha1-uF5nm0b3LQP7voo79yWdU1whti8="
                    },
                    "has-ansi": {
                      "version": "https://registry.npmjs.org/has-ansi/-/has-ansi-2.0.0.tgz",
                      "integrity": "sha1-NPUEnOHs3ysGSa8+8k5F7TVBbZE=",
                      "dependencies": {
                        "ansi-regex": {
                          "version": "https://registry.npmjs.org/ansi-regex/-/ansi-regex-2.0.0.tgz",
                          "integrity": "sha1-xQYbbg74qBd15Q9dZhUb9r83EQc="
                        }
                      }
                    },
                    "strip-ansi": {
                      "version": "https://registry.npmjs.org/strip-ansi/-/strip-ansi-3.0.0.tgz",
                      "integrity": "sha1-dRC2ZVZ8qRTMtdfgcnY6yWi+NyQ=",
                      "dependencies": {
                        "ansi-regex": {
                          "version": "https://registry.npmjs.org/ansi-regex/-/ansi-regex-2.0.0.tgz",
                          "integrity": "sha1-xQYbbg74qBd15Q9dZhUb9r83EQc="
                        }
                      }
                    },
                    "supports-color": {
                      "version": "https://registry.npmjs.org/supports-color/-/supports-color-2.0.0.tgz",
                      "integrity": "sha1-U10EXOa2Nj+kARcIRimZXp3zJMc="
                    }
                  }
                },
                "commander": {
                  "version": "https://registry.npmjs.org/commander/-/commander-2.9.0.tgz",
                  "integrity": "sha1-nJkJQXbhIkDLItbFFGCYQA/g99Q=",
                  "dependencies": {
                    "graceful-readlink": {
                      "version": "https://registry.npmjs.org/graceful-readlink/-/graceful-readlink-1.0.1.tgz",
                      "integrity": "sha1-TK+tdrxi8C+gObL5Tpo906ORpyU="
                    }
                  }
                },
                "is-my-json-valid": {
                  "version": "https://registry.npmjs.org/is-my-json-valid/-/is-my-json-valid-2.12.3.tgz",
                  "integrity": "sha1-WjnR12stu4MUC70Vex1e5L3IWtY=",
                  "dependencies": {
                    "generate-function": {
                      "version": "https://registry.npmjs.org/generate-function/-/generate-function-2.0.0.tgz",
                      "integrity": "sha1-aFj+fAlpt9TpCTM3ZHrHn2DfvnQ="
                    },
                    "generate-object-property": {
                      "version": "https://registry.npmjs.org/generate-object-property/-/generate-object-property-1.2.0.tgz",
                      "integrity": "sha1-nA4cQDCM6AT0eDYYuTf6iPmdUNA=",
                      "dependencies": {
                        "is-property": {
                          "version": "https://registry.npmjs.org/is-property/-/is-property-1.0.2.tgz",
                          "integrity": "sha1-V/4cTkhHTt1lsJkR8msc1Ald2oQ="
                        }
                      }
                    },
                    "jsonpointer": {
                      "version": "https://registry.npmjs.org/jsonpointer/-/jsonpointer-2.0.0.tgz",
                      "integrity": "sha1-OvHdIP6FRjkQ1GmjheMwF9KgMNk="
                    },
                    "xtend": {
                      "version": "https://registry.npmjs.org/xtend/-/xtend-4.0.1.tgz",
                      "integrity": "sha1-pcbVMr5lbiPbgg77lDofBJmNY68="
                    }
                  }
                },
                "pinkie-promise": {
                  "version": "https://registry.npmjs.org/pinkie-promise/-/pinkie-promise-2.0.0.tgz",
                  "integrity": "sha1-TINTjeH25mDCngoTRGhE96foglk=",
                  "dependencies": {
                    "pinkie": {
                      "version": "https://registry.npmjs.org/pinkie/-/pinkie-2.0.1.tgz",
                      "integrity": "sha1-QjbIb8KfJhwgRbvoH3jLsqXoMGw="
                    }
                  }
                }
              }
            },
            "hawk": {
              "version": "https://registry.npmjs.org/hawk/-/hawk-3.1.2.tgz",
              "integrity": "sha1-kMkBGIhuIZddGtSumz4oTtGaLeg=",
              "dependencies": {
                "boom": {
                  "version": "https://registry.npmjs.org/boom/-/boom-2.10.1.tgz",
                  "integrity": "sha1-OciRjO/1eZ+D+UkqhI9iWt0Mdm8="
                },
                "cryptiles": {
                  "version": "https://registry.npmjs.org/cryptiles/-/cryptiles-2.0.5.tgz",
                  "integrity": "sha1-O9/s3GCBR8HGcgL6KR59ylnqo7g="
                },
                "hoek": {
                  "version": "https://registry.npmjs.org/hoek/-/hoek-2.16.3.tgz",
                  "integrity": "sha1-ILt0A9POo5jpHcRxCo/xuCdKJe0="
                },
                "sntp": {
                  "version": "https://registry.npmjs.org/sntp/-/sntp-1.0.9.tgz",
                  "integrity": "sha1-ZUEYTMkK7qbG57NeJlkIJEPGYZg="
                }
              }
            },
            "http-signature": {
              "version": "https://registry.npmjs.org/http-signature/-/http-signature-1.1.0.tgz",
              "integrity": "sha1-XS1+m270mYCtWxKNjk7wmjHJDZU=",
              "dependencies": {
                "assert-plus": {
                  "version": "https://registry.npmjs.org/assert-plus/-/assert-plus-0.1.5.tgz",
                  "integrity": "sha1-7nQAlBMALYTOxyGcasgRgS5yMWA="
                },
                "jsprim": {
                  "version": "https://registry.npmjs.org/jsprim/-/jsprim-1.2.2.tgz",
                  "integrity": "sha1-8gyQaskqvVjjt5rIvHCkiDJRLaE=",
                  "dependencies": {
                    "extsprintf": {
                      "version": "https://registry.npmjs.org/extsprintf/-/extsprintf-1.0.2.tgz",
                      "integrity": "sha1-4QgOBljjALBilJkMxw4VAiNf1VA="
                    },
                    "json-schema": {
                      "version": "https://registry.npmjs.org/json-schema/-/json-schema-0.2.2.tgz",
                      "integrity": "sha1-UDVPGfYDkXxpX3C4Wvp3w7DyNQY="
                    },
                    "verror": {
                      "version": "https://registry.npmjs.org/verror/-/verror-1.3.6.tgz",
                      "integrity": "sha1-z/XfEpRtKX0rqu+qJoniW+AcAFw="
                    }
                  }
                },
                "sshpk": {
                  "version": "https://registry.npmjs.org/sshpk/-/sshpk-1.7.1.tgz",
                  "integrity": "sha1-Vl44bEKnfmBi+9FMBHL/Ic1TOYw=",
                  "dependencies": {
                    "asn1": {
                      "version": "https://registry.npmjs.org/asn1/-/asn1-0.2.3.tgz",
                      "integrity": "sha1-2sh4dxPJlmhJ/IGAd36+nB3fO4Y="
                    },
                    "assert-plus": {
                      "version": "https://registry.npmjs.org/assert-plus/-/assert-plus-0.2.0.tgz",
                      "integrity": "sha1-104bh+ev/A24qttwIfP+SBAasjQ="
                    },
                    "dashdash": {
                      "version": "https://registry.npmjs.org/dashdash/-/dashdash-1.11.0.tgz",
                      "integrity": "sha1-ur04ktcatAOUjGornWX33hrOjpI=",
                      "dependencies": {
                        "assert-plus": {
                          "version": "https://registry.npmjs.org/assert-plus/-/assert-plus-0.1.5.tgz",
                          "integrity": "sha1-7nQAlBMALYTOxyGcasgRgS5yMWA="
                        }
                      }
                    },
                    "ecc-jsbn": {
                      "version": "https://registry.npmjs.org/ecc-jsbn/-/ecc-jsbn-0.1.1.tgz",
                      "integrity": "sha1-D8c6ntXw1Tw4GTOYUj735UN3dQU=",
                      "optional": true
                    },
                    "jodid25519": {
                      "version": "https://registry.npmjs.org/jodid25519/-/jodid25519-1.0.2.tgz",
                      "integrity": "sha1-BtSRIlUJNBlHfUJWM2BuDpB4KWc=",
                      "optional": true
                    },
                    "jsbn": {
                      "version": "https://registry.npmjs.org/jsbn/-/jsbn-0.1.0.tgz",
                      "integrity": "sha1-ZQmH2g3XT06/WhE3eiqi0nPpff0=",
                      "optional": true
                    },
                    "tweetnacl": {
                      "version": "https://registry.npmjs.org/tweetnacl/-/tweetnacl-0.13.2.tgz",
                      "integrity": "sha1-RTFhdwRp1FzSZsNkBOK8maj6mUQ=",
                      "optional": true
                    }
                  }
                }
              }
            },
            "is-typedarray": {
              "version": "https://registry.npmjs.org/is-typedarray/-/is-typedarray-1.0.0.tgz",
              "integrity": "sha1-5HnICFjfDBsR3dppQPlgEfzaSpo="
            },
            "isstream": {
              "version": "https://registry.npmjs.org/isstream/-/isstream-0.1.2.tgz",
              "integrity": "sha1-R+Y/evVa+m+S4VAOaQ64uFKcCZo="
            },
            "json-stringify-safe": {
              "version": "https://registry.npmjs.org/json-stringify-safe/-/json-stringify-safe-5.0.1.tgz",
              "integrity": "sha1-Epai1Y/UXxmg9s4B1lcB4sc1tus="
            },
            "mime-types": {
              "version": "https://registry.npmjs.org/mime-types/-/mime-types-2.1.8.tgz",
              "integrity": "sha1-+vV4I94EvHy/9O6CxrY5RugSrnI=",
              "dependencies": {
                "mime-db": {
                  "version": "https://registry.npmjs.org/mime-db/-/mime-db-1.20.0.tgz",
                  "integrity": "sha1-SW+Q/QH+DgMciCPsOqlFD/2hjtg="
                }
              }
            },
            "node-uuid": {
              "version": "https://registry.npmjs.org/node-uuid/-/node-uuid-1.4.7.tgz",
              "integrity": "sha1-baWhdmjEs91ZYjvaEc9/pMH2Cm8="
            },
            "oauth-sign": {
              "version": "https://registry.npmjs.org/oauth-sign/-/oauth-sign-0.8.0.tgz",
              "integrity": "sha1-k4/ch1dlulJxN9iuydF44k3rxVM="
            },
            "qs": {
              "version": "https://registry.npmjs.org/qs/-/qs-5.2.0.tgz",
              "integrity": "sha1-qfMRQq9GjLcrJbMBNrokVoNJFr4="
            },
            "stringstream": {
              "version": "https://registry.npmjs.org/stringstream/-/stringstream-0.0.5.tgz",
              "integrity": "sha1-TkhM1N5aC7vuGORjB3EKioFiGHg="
            },
            "tough-cookie": {
              "version": "https://registry.npmjs.org/tough-cookie/-/tough-cookie-2.2.1.tgz",
              "integrity": "sha1-OwUWt5nnDoFkQ2oURuflh3/aEY4="
            },
            "tunnel-agent": {
              "version": "https://registry.npmjs.org/tunnel-agent/-/tunnel-agent-0.4.2.tgz",
              "integrity": "sha1-EQTj82rIcSXChycAZ9WC0YEzv+4="
            }
          }
        },
        "ws": {
          "version": "https://registry.npmjs.org/ws/-/ws-0.8.1.tgz",
          "integrity": "sha1-a2UnO5kZPF8Gekz1gJWY93fjt1k=",
          "dependencies": {
            "options": {
              "version": "https://registry.npmjs.org/options/-/options-0.0.6.tgz",
              "integrity": "sha1-7CLTEoBrtT5zF3Pnza788cZDEo8="
            },
            "ultron": {
              "version": "https://registry.npmjs.org/ultron/-/ultron-1.0.2.tgz",
              "integrity": "sha1-rOEWq1V80Zc4ak6I9GhTeMiy5Po="
            }
          }
        }
      }
    },
    "graceful-fs": {
      "version": "4.1.11",
      "resolved": "https://registry.npmjs.org/graceful-fs/-/graceful-fs-4.1.11.tgz",
      "integrity": "sha1-Dovf5NHduIVNZOBOp8AOKgJuVlg=",
      "optional": true
    },
    "jsonfile": {
      "version": "3.0.0",
      "resolved": "https://registry.npmjs.org/jsonfile/-/jsonfile-3.0.0.tgz",
      "integrity": "sha1-kufHRE5f/V+jLmqa6LhQNN+DR9A="
    },
    "natural": {
      "version": "https://registry.npmjs.org/natural/-/natural-0.2.1.tgz",
      "integrity": "sha1-HrUVap2QtFkZSeIOlOvHe7Iznto=",
      "dependencies": {
        "apparatus": {
          "version": "https://registry.npmjs.org/apparatus/-/apparatus-0.0.9.tgz",
          "integrity": "sha1-N9zSWDStC2UQdllikduCPusZCL0="
        },
        "sylvester": {
          "version": "https://registry.npmjs.org/sylvester/-/sylvester-0.0.21.tgz",
          "integrity": "sha1-KYexzivS84sNzio0OIiEv6RADqc="
        },
        "underscore": {
          "version": "https://registry.npmjs.org/underscore/-/underscore-1.8.3.tgz",
          "integrity": "sha1-Tz+1OxBuYJf8+ctBCfKl6b36UCI="
        }
      }
    },
    "sentiment": {
      "version": "2.1.0",
      "resolved": "https://registry.npmjs.org/sentiment/-/sentiment-2.1.0.tgz",
      "integrity": "sha1-MyeRAMNcOFGcpeQ1JFGGxRL+D9w="
    }
  }
}
